{
  "name": "archived_packages",
  "version": "1.0.0",
  "lockfileVersion": 3,
  "requires": true,
  "packages": {
    "": {
      "name": "archived_packages",
      "version": "1.0.0",
      "license": "ISC",
      "dependencies": {
        "vdf-parser": "^1.2.1"
      }
    },
    "node_modules/vdf-parser": {
      "version": "1.2.1",
      "resolved": "https://registry.npmjs.org/vdf-parser/-/vdf-parser-1.2.1.tgz",
      "integrity": "sha512-g5c73LP8NSebruEiVjOpV6KlN6xgVXBXc5UbexHWzjkatLJR++gUBhg76YqfJ9j4ZLfZ+Hv00592uiDywR+dWg=="
    }
  }
}
